
Microsoft Visual Studio Solution File, Format Version 12.00
# Visual Studio 15
VisualStudioVersion = 15.0.28307.168
MinimumVisualStudioVersion = 10.0.40219.1
Project("{8BC9CEB8-8B4A-11D0-8D11-00A0C91BC942}") = "Gixels", "Gixels\Gixels.vcxproj", "{958AEA1B-B0DC-4121-A28F-F31E484F0FFA}"
EndProject
Global
	GlobalSection(SolutionConfigurationPlatforms) = preSolution
		Debug|x64 = Debug|x64
		Debug|x86 = Debug|x86
		Release|x64 = Release|x64
		Release|x86 = Release|x86
	EndGlobalSection
	GlobalSection(ProjectConfigurationPlatforms) = postSolution
		{958AEA1B-B0DC-4121-A28F-F31E484F0FFA}.Debug|x64.ActiveCfg = Debug|x64
		{958AEA1B-B0DC-4121-A28F-F31E484F0FFA}.Debug|x64.Build.0 = Debug|x64
		{958AEA1B-B0DC-4121-A28F-F31E484F0FFA}.Debug|x86.ActiveCfg = Debug|Win32
		{958AEA1B-B0DC-4121-A28F-F31E484F0FFA}.Debug|x86.Build.0 = Debug|Win32
		{958AEA1B-B0DC-4121-A28F-F31E484F0FFA}.Release|x64.ActiveCfg = Release|x64
		{958AEA1B-B0DC-4121-A28F-F31E484F0FFA}.Release|x64.Build.0 = Release|x64
		{958AEA1B-B0DC-4121-A28F-F31E484F0FFA}.Release|x86.ActiveCfg = Release|Win32
		{958AEA1B-B0DC-4121-A28F-F31E484F0FFA}.Release|x86.Build.0 = Release|Win32
	EndGlobalSection
	GlobalSection(SolutionProperties) = preSolution
		HideSolutionNode = FALSE
	EndGlobalSection
	GlobalSection(ExtensibilityGlobals) = postSolution
		SolutionGuid = {B2D03B76-D12E-439A-B0E3-9FE21566F31E}
	EndGlobalSection
EndGlobal
